{
  "version": 1,
  "dependencies": {
    "net10.0-windows7.0": {
      "coverlet.collector": {
        "type": "Direct",
        "requested": "[10.0.1, )",
        "resolved": "10.0.1",
        "contentHash": "27jXSV/0DbVqF5jDrAxuQFZ9oaz6gmG03p8ttxAFk+X0M4woFYj7MoWDLCna5EGLb0CE6OE7X6ZH3Wt5smTtaA=="
      },
      "Shouldly": {
        "type": "Direct",
        "requested": "[4.3.0, )",
        "resolved": "4.3.0",
        "contentHash": "sDetrWXrl6YXZ4HeLsdBoNk3uIa7K+V4uvIJ+cqdRa5DrFxeTED7VkjoxCuU1kJWpUuBDZz2QXFzSxBtVXLwRQ==",
        "dependencies": {
          "DiffEngine": "11.3.0",
          "EmptyFiles": "4.4.0"
        }
      },
      "xunit.v3.mtp-v2": {
        "type": "Direct",
        "requested": "[4.0.1, )",
        "resolved": "4.0.1",
        "contentHash": "s88KiWwDDYgOWV3A+ViJiqCe9cLU/Rt6Gb5TfOC7Abv/HKSoj4IHVPcOQk7jPt7HhZHHEts5IuaVpB30eO5B1w==",
        "dependencies": {
          "xunit.analyzers": "2.1.0",
          "xunit.v3.assert": "[4.0.1]",
          "xunit.v3.core.mtp-v2": "[4.0.1]"
        }
      },
      "BlackSharp.Core": {
        "type": "Transitive",
        "resolved": "1.0.7",
        "contentHash": "LbEc4w0oZ7w4p6+8OjPZgwsJW470aQRuYZgZ9aMN2PW9R79pW3OnZQ32AVVx/21rstX9mKbXaOLWpSAxoANYxQ=="
      },
      "DiffEngine": {
        "type": "Transitive",
        "resolved": "11.3.0",
        "contentHash": "k0ZgZqd09jLZQjR8FyQbSQE86Q7QZnjEzq1LPHtj1R2AoWO8sjV5x+jlSisL7NZAbUOI4y+7Bog8gkr9WIRBGw==",
        "dependencies": {
          "EmptyFiles": "4.4.0",
          "System.Management": "6.0.1"
        }
      },
      "DiskInfoToolkit": {
        "type": "Transitive",
        "resolved": "1.1.2",
        "contentHash": "vN46svt1hQDkm269p6CzfwDpb/fbyp8oNQuePcvjNSryPLfsxIJZU8amEhir+x5bsKd0ymOXTySzPwFO8o0dpw==",
        "dependencies": {
          "BlackSharp.Core": "1.0.7"
        }
      },
      "EmptyFiles": {
        "type": "Transitive",
        "resolved": "4.4.0",
        "contentHash": "gwJEfIGS7FhykvtZoscwXj/XwW+mJY6UbAZk+qtLKFUGWC95kfKXnj8VkxsZQnWBxJemM/q664rGLN5nf+OHZw=="
      },
      "HidSharp": {
        "type": "Transitive",
        "resolved": "2.6.4",
        "contentHash": "UcGvtnXFcatwHBXr+ei8GEXvg//wjGmDGQ6Xvb+7M4vHjURAhSLIJ+dSZv0BnAhQEpNlH8G4P7JxYnMH8Aph4g=="
      },
      "LibreHardwareMonitorLib": {
        "type": "Transitive",
        "resolved": "0.9.6",
        "contentHash": "W4hQ5Ja51/1cEDZnh9kG5UHFBwjjY2+oIpSUhSsgeYXKRKezrkw3sEFrhQkrOuo53xkXyfWV8ZErMqQuGqWIMQ==",
        "dependencies": {
          "DiskInfoToolkit": "1.1.2",
          "HidSharp": "2.6.4",
          "Mono.Posix.NETStandard": "1.0.0",
          "RAMSPDToolkit-NDD": "1.4.2",
          "System.IO.FileSystem.AccessControl": "5.0.0",
          "System.IO.Ports": "10.0.3",
          "System.Management": "10.0.2"
        }
      },
      "Microsoft.ApplicationInsights": {
        "type": "Transitive",
        "resolved": "2.23.0",
        "contentHash": "nWArUZTdU7iqZLycLKWe0TDms48KKGE6pONH2terYNa8REXiqixrMOkf1sk5DHGMaUTqONU2YkS4SAXBhLStgw=="
      },
      "Microsoft.Bcl.AsyncInterfaces": {
        "type": "Transitive",
        "resolved": "6.0.0",
        "contentHash": "UcSjPsst+DfAdJGVDsu346FX0ci0ah+lw3WRtn18NUwEqRt70HaOQ7lI72vy3+1LxtqI3T5GWwV39rQSrCzAeg=="
      },
      "Microsoft.Extensions.DependencyInjection": {
        "type": "Transitive",
        "resolved": "10.0.1",
        "contentHash": "zerXV0GAR9LCSXoSIApbWn+Dq1/T+6vbXMHGduq1LoVQRHT0BXsGQEau0jeLUBUcsoF/NaUT8ADPu8b+eNcIyg==",
        "dependencies": {
          "Microsoft.Extensions.DependencyInjection.Abstractions": "10.0.1"
        }
      },
      "Microsoft.Extensions.DependencyInjection.Abstractions": {
        "type": "Transitive",
        "resolved": "10.0.1",
        "contentHash": "oIy8fQxxbUsSrrOvgBqlVgOeCtDmrcynnTG+FQufcUWBrwyPfwlUkCDB2vaiBeYPyT+20u9/HeuHeBf+H4F/8g=="
      },
      "Microsoft.Extensions.Logging": {
        "type": "Transitive",
        "resolved": "10.0.1",
        "contentHash": "9ItMpMLFZFJFqCuHLLbR3LiA4ahA8dMtYuXpXl2YamSDWZhYS9BruPprkftY0tYi2bQ0slNrixdFm+4kpz1g5w==",
        "dependencies": {
          "Microsoft.Extensions.DependencyInjection": "10.0.1",
          "Microsoft.Extensions.Logging.Abstractions": "10.0.1",
          "Microsoft.Extensions.Options": "10.0.1"
        }
      },
      "Microsoft.Extensions.Logging.Abstractions": {
        "type": "Transitive",
        "resolved": "10.0.1",
        "contentHash": "YkmyiPIWAXVb+lPIrM0LE5bbtLOJkCiRTFiHpkVOvhI7uTvCfoOHLEN0LcsY56GpSD7NqX3gJNpsaDe87/B3zg==",
        "dependencies": {
          "Microsoft.Extensions.DependencyInjection.Abstractions": "10.0.1"
        }
      },
      "Microsoft.Extensions.Options": {
        "type": "Transitive",
        "resolved": "10.0.1",
        "contentHash": "G6VVwywpJI4XIobetGHwg7wDOYC2L2XBYdtskxLaKF/Ynb5QBwLl7Q//wxAR2aVCLkMpoQrjSP9VoORkyddsNQ==",
        "dependencies": {
          "Microsoft.Extensions.DependencyInjection.Abstractions": "10.0.1",
          "Microsoft.Extensions.Primitives": "10.0.1"
        }
      },
      "Microsoft.Extensions.Primitives": {
        "type": "Transitive",
        "resolved": "10.0.1",
        "contentHash": "DO8XrJkp5x4PddDuc/CH37yDBCs9BYN6ijlKyR3vMb55BP1Vwh90vOX8bNfnKxr5B2qEI3D8bvbY1fFbDveDHQ=="
      },
      "Microsoft.Testing.Extensions.Telemetry": {
        "type": "Transitive",
        "resolved": "2.4.0",
        "contentHash": "JeP1RFqBa11fWmBk8xEfZcMKr4rxWSyI6OZ+659V069CaMkTEOQBW2UdSSeNz3absOsygcn7JJkzerC4LGnZ9w==",
        "dependencies": {
          "Microsoft.ApplicationInsights": "2.23.0",
          "Microsoft.Testing.Platform": "[2.4.0, 3.0.0)"
        }
      },
      "Microsoft.Testing.Extensions.TrxReport.Abstractions": {
        "type": "Transitive",
        "resolved": "2.4.0",
        "contentHash": "uRb+4qM42dFDg4kWJZ2kFEcwESNVCRZJjItp5vETorN3rSJGysP617LqYirOcrCYmxg+obPreHMM5JcsNDKtBw==",
        "dependencies": {
          "Microsoft.Testing.Platform": "[2.4.0, 3.0.0)"
        }
      },
      "Microsoft.Testing.Platform": {
        "type": "Transitive",
        "resolved": "2.4.0",
        "contentHash": "dp1N3P1ujb0ztwFgqz2o/ItEvq+pm19/AiA+Xq7Zpcy7oPMcxDBZLYGtf0LlU1MveEBJuKVjZhI+LnkfcH/0jQ=="
      },
      "Microsoft.Testing.Platform.MSBuild": {
        "type": "Transitive",
        "resolved": "2.4.0",
        "contentHash": "qr5M6h16YHMJLFDcWELFVMMpGte2BUmveBZKT5YoBV+bmuJRPu9bv/Zqke4yQuOEKRNxoAETrG5jr+/6Rnr3Hg==",
        "dependencies": {
          "Microsoft.Testing.Platform": "[2.4.0, 3.0.0)"
        }
      },
      "Microsoft.Win32.Registry": {
        "type": "Transitive",
        "resolved": "5.0.0",
        "contentHash": "dDoKi0PnDz31yAyETfRntsLArTlVAVzUzCIvvEDsDsucrl33Dl8pIJG06ePTJTI3tGpeyHS9Cq7Foc/s4EeKcg=="
      },
      "Mono.Posix.NETStandard": {
        "type": "Transitive",
        "resolved": "1.0.0",
        "contentHash": "vSN/L1uaVwKsiLa95bYu2SGkF0iY3xMblTfxc8alSziPuVfJpj3geVqHGAA75J7cZkMuKpFVikz82Lo6y6LLdA=="
      },
      "RAMSPDToolkit-NDD": {
        "type": "Transitive",
        "resolved": "1.4.2",
        "contentHash": "pqIwn/HqXFnW4FVKybq6gZh3YK14OOLGWkgZzDdewjAInCOu86EO2L+FCQo8j1/v1sKwv+vgX5pnehxyrlJYJw==",
        "dependencies": {
          "BlackSharp.Core": "1.0.4",
          "System.Management": "10.0.0"
        }
      },
      "runtime.android-arm.runtime.native.System.IO.Ports": {
        "type": "Transitive",
        "resolved": "10.0.3",
        "contentHash": "6W4qZX0X7FF+PHM9Kaa5ZsTLcGJAzCU7FB4Tjy1vTg2rUIEjDqijWTtpz8vY6gBzZaG+tD0/EKUyGnfq6d/d/Q=="
      },
      "runtime.android-arm64.runtime.native.System.IO.Ports": {
        "type": "Transitive",
        "resolved": "10.0.3",
        "contentHash": "4OdNg2Du1kvm0b4tSErkA4wfH32YmgUqeSLzekk6NdCR61brCp4vttTJl0epZMwbRppXuy/jY7pV0WtP4ymnfQ=="
      },
      "runtime.android-x64.runtime.native.System.IO.Ports": {
        "type": "Transitive",
        "resolved": "10.0.3",
        "contentHash": "nP7xJSDSqRktV4kEd0kr4n0xhzJFuQjh7L/AgrKB3C4QK5TA/8NimJmTl1ogngvnXn2vilH2Hk+keBIvuoGWCA=="
      },
      "runtime.android-x86.runtime.native.System.IO.Ports": {
        "type": "Transitive",
        "resolved": "10.0.3",
        "contentHash": "f/neqijoVpgl/PcrXYeLNfCC2t74XYIcaHvtSaF3zaIdJ3hf5wrwRC9gzYLXHRLg/j4DRsCHEw8rlux/dNh7XA=="
      },
      "runtime.linux-arm.runtime.native.System.IO.Ports": {
        "type": "Transitive",
        "resolved": "10.0.3",
        "contentHash": "cwiQmy95Zd42K4kMzDt8GkXNKHWDkRZIIyb3MteRrgJKubH2DMA6VY3JiFeR+1hQ7i31Ck+dYyt8wUkElZ/NrQ=="
      },
      "runtime.linux-arm64.runtime.native.System.IO.Ports": {
        "type": "Transitive",
        "resolved": "10.0.3",
        "contentHash": "cEx+Xm0ZNPsuoYTFwXZ6qRstwXQ7vJjbb3jWzo5s5xIeEgpTDdfiUjTgK3Gl618mWgb7+Gn6Vt5pT07RxFC28Q=="
      },
      "runtime.linux-bionic-arm64.runtime.native.System.IO.Ports": {
        "type": "Transitive",
        "resolved": "10.0.3",
        "contentHash": "kB21sNzlKgTj3V/LZhnTLFuViiGKtkiUG2GdEW+z3jdeUtRoxqBBXryzMqy0oUOy5idBW2pA6bh+iLGaj+GThA=="
      },
      "runtime.linux-bionic-x64.runtime.native.System.IO.Ports": {
        "type": "Transitive",
        "resolved": "10.0.3",
        "contentHash": "/Ud7EYdpnBGJ/x7DdqVFEJOQtEcf9rsD6/1iyUBJNfhhs8JljZLewJHp1cXr1DVCaWWc9jSWIc4g+QpMct/22A=="
      },
      "runtime.linux-musl-arm.runtime.native.System.IO.Ports": {
        "type": "Transitive",
        "resolved": "10.0.3",
        "contentHash": "pBubukkmXD9e4Ju004bEHL3TE5mYahONCVwrJ5b+7/cj8smSY2H5sKTyURiVF1EfX55yORKyTyQ3dALA5yTTlg=="
      },
      "runtime.linux-musl-arm64.runtime.native.System.IO.Ports": {
        "type": "Transitive",
        "resolved": "10.0.3",
        "contentHash": "+FR6SvpZya66Wv26MVEK4l2gnjfZnBVUz675eaTcMQ/KWAy+GMaPyhRaBIMnQJf5gfuu3x1qgeAzpmeFkOPGBw=="
      },
      "runtime.linux-musl-x64.runtime.native.System.IO.Ports": {
        "type": "Transitive",
        "resolved": "10.0.3",
        "contentHash": "Ee1XnOSKgeJGBcnd7LLLkyXEbE/JcpQ3pUlbPXqugl0YD55jVubpYebzGYI+ilrnBLCRiV0BR822b2XmerIKGw=="
      },
      "runtime.linux-x64.runtime.native.System.IO.Ports": {
        "type": "Transitive",
        "resolved": "10.0.3",
        "contentHash": "U+Zr1KuBDIIwgR2gTMFbBAtkr4WnKdEXxmknPa3X8Qy6oCi4+MTRmq2zmTh7wxXQXTdmhfXg2tyy7DuVHtB+xQ=="
      },
      "runtime.maccatalyst-arm64.runtime.native.System.IO.Ports": {
        "type": "Transitive",
        "resolved": "10.0.3",
        "contentHash": "9yTgh3ZKCBTGEO4YS76g/K15s2qSdeEZDqWteixUPeRsETsuBUwUPF39Fk39OPlRgwhqEuhtHy1Hf6BSOETfAg=="
      },
      "runtime.maccatalyst-x64.runtime.native.System.IO.Ports": {
        "type": "Transitive",
        "resolved": "10.0.3",
        "contentHash": "0gxqUZYQ1T1o5VzgyEMKiSPKJtPbleF2nbjZa5QKZQvPgSlrZFL+FrW4LywIk2scOpXu+Vd5Mv8AGGV7slhYWA=="
      },
      "runtime.native.System.IO.Ports": {
        "type": "Transitive",
        "resolved": "10.0.3",
        "contentHash": "7U3HW0JzAeg9PWaYBcyWLFMq2RSexgJ8uVCR3E2QVJJ/IZnRT0wYRhyEx3zBSbKYzN3KE6MDiRd6CN4hR7YkqA==",
        "dependencies": {
          "runtime.android-arm.runtime.native.System.IO.Ports": "10.0.3",
          "runtime.android-arm64.runtime.native.System.IO.Ports": "10.0.3",
          "runtime.android-x64.runtime.native.System.IO.Ports": "10.0.3",
          "runtime.android-x86.runtime.native.System.IO.Ports": "10.0.3",
          "runtime.linux-arm.runtime.native.System.IO.Ports": "10.0.3",
          "runtime.linux-arm64.runtime.native.System.IO.Ports": "10.0.3",
          "runtime.linux-bionic-arm64.runtime.native.System.IO.Ports": "10.0.3",
          "runtime.linux-bionic-x64.runtime.native.System.IO.Ports": "10.0.3",
          "runtime.linux-musl-arm.runtime.native.System.IO.Ports": "10.0.3",
          "runtime.linux-musl-arm64.runtime.native.System.IO.Ports": "10.0.3",
          "runtime.linux-musl-x64.runtime.native.System.IO.Ports": "10.0.3",
          "runtime.linux-x64.runtime.native.System.IO.Ports": "10.0.3",
          "runtime.maccatalyst-arm64.runtime.native.System.IO.Ports": "10.0.3",
          "runtime.maccatalyst-x64.runtime.native.System.IO.Ports": "10.0.3",
          "runtime.osx-arm64.runtime.native.System.IO.Ports": "10.0.3",
          "runtime.osx-x64.runtime.native.System.IO.Ports": "10.0.3"
        }
      },
      "runtime.osx-arm64.runtime.native.System.IO.Ports": {
        "type": "Transitive",
        "resolved": "10.0.3",
        "contentHash": "qnEjXlIazxaRAhBet0EupWoJQ9PKsXjThpMKGP/ZsCjZgHEb+zs9wft82wY27OagyPOCg9D4hJHWKt5LTbJNZg=="
      },
      "runtime.osx-x64.runtime.native.System.IO.Ports": {
        "type": "Transitive",
        "resolved": "10.0.3",
        "contentHash": "L1gcOL5kcfeeujKQbqJmpeTLsT0c6DeaJ9w6PY9oZ+/WESyya+Zj7StKguXR5j93o3o86FjcN05yufpoCz7R2g=="
      },
      "System.CodeDom": {
        "type": "Transitive",
        "resolved": "10.0.2",
        "contentHash": "eih1MnL4tnSjHUhzae0dmpu50Sm0s54faHZc8yhzYfmubAubkBIIulYYN28fasD1m41mhl6Cenhs9/F0aLv3FA=="
      },
      "System.IO.FileSystem.AccessControl": {
        "type": "Transitive",
        "resolved": "5.0.0",
        "contentHash": "SxHB3nuNrpptVk+vZ/F+7OHEpoHUIKKMl02bUmYHQr1r+glbZQxs7pRtsf4ENO29TVm2TH3AEeep2fJcy92oYw=="
      },
      "System.IO.Ports": {
        "type": "Transitive",
        "resolved": "10.0.3",
        "contentHash": "Zs04mZ/dQtaFQ+hpQNDtijBs+6aM9j2fQPp8zNZTfh8DboVNNv7Sw6gH00hT+PVcAhEozlfT+n59Svm6Ug8ROA==",
        "dependencies": {
          "runtime.native.System.IO.Ports": "10.0.3"
        }
      },
      "System.Management": {
        "type": "Transitive",
        "resolved": "10.0.2",
        "contentHash": "eFftuy3i844lVKCb4lJvvjKfcvPVcW8KrAdSaIOcRL42/Fisj46hwUs8Bky+4avzMe5Snm5t7aSayOI1mybYXg==",
        "dependencies": {
          "System.CodeDom": "10.0.2"
        }
      },
      "System.Security.AccessControl": {
        "type": "Transitive",
        "resolved": "6.0.1",
        "contentHash": "IQ4NXP/B3Ayzvw0rDQzVTYsCKyy0Jp9KI6aYcK7UnGVlR9+Awz++TIPCQtPYfLJfOpm8ajowMR09V7quD3sEHw=="
      },
      "xunit.analyzers": {
        "type": "Transitive",
        "resolved": "2.1.0",
        "contentHash": "X7QXEcZQGz0G/HL4HUyK+aAvNa/IMGbOCnFIq4jD/Evktq12xANKwzOUr7b08vCmC1LXu/47qHWOdjm3KfaJ0A=="
      },
      "xunit.v3.assert": {
        "type": "Transitive",
        "resolved": "4.0.1",
        "contentHash": "nC7d3cY06Oo7hkdwWPZkBR0Ud75xNhgx0P7i0GmMMZC3puCGlc4szFiT30biH03IN/eDnr8h+nv3A1UD17bk/A=="
      },
      "xunit.v3.common": {
        "type": "Transitive",
        "resolved": "4.0.1",
        "contentHash": "Qf25TVdadDQYf9zVxSd7L9RNQhuP0jCUHmo96XTmIKLxGefylIEV63jRbXBPFzdXmV09TCdcurk+AQ9LiWS2Hg==",
        "dependencies": {
          "Microsoft.Bcl.AsyncInterfaces": "6.0.0"
        }
      },
      "xunit.v3.core.mtp-v2": {
        "type": "Transitive",
        "resolved": "4.0.1",
        "contentHash": "7qfTfrIfS2wybpSVyRLmhXHbSudD2eNw66LfukixmKsRCTcfvOrLsx0qGL/lObcEh3Z2F4SIXgoFnLIiB8yfjQ==",
        "dependencies": {
          "Microsoft.Testing.Extensions.Telemetry": "2.4.0",
          "Microsoft.Testing.Extensions.TrxReport.Abstractions": "2.4.0",
          "Microsoft.Testing.Platform": "2.4.0",
          "Microsoft.Testing.Platform.MSBuild": "2.4.0",
          "xunit.v3.extensibility.core": "[4.0.1]",
          "xunit.v3.runner.inproc.console": "[4.0.1]"
        }
      },
      "xunit.v3.extensibility.core": {
        "type": "Transitive",
        "resolved": "4.0.1",
        "contentHash": "J0d5OfFcp920nZxCRIvU14+TZhiSPQR0wvqEMZ3MRiJLPu1VmYlcRNkmcSW0i1DwkB81gAHc+fHUQf/cU64MYg==",
        "dependencies": {
          "xunit.v3.common": "[4.0.1]"
        }
      },
      "xunit.v3.runner.common": {
        "type": "Transitive",
        "resolved": "4.0.1",
        "contentHash": "p9AyfBpj2e5Iws8B57SbLiSngg7mEdvegHInKR4T2cjt2mis9h8htVgCnmu//agZO4zri6p6VQOj5EkHHTy3gA==",
        "dependencies": {
          "Microsoft.Win32.Registry": "[5.0.0]",
          "System.Security.AccessControl": "[6.0.1]",
          "xunit.v3.common": "[4.0.1]"
        }
      },
      "xunit.v3.runner.inproc.console": {
        "type": "Transitive",
        "resolved": "4.0.1",
        "contentHash": "Hqwfd6ehMIhPmVWUQ2dgmknzuLFTWeyp8ES1q3D4YR5bQVyiXDcaIoaFwqAz2zgLr49WaW4Mz7VVncP7u/Q8/Q==",
        "dependencies": {
          "xunit.v3.extensibility.core": "[4.0.1]",
          "xunit.v3.runner.common": "[4.0.1]"
        }
      },
      "sensoragent": {
        "type": "Project",
        "dependencies": {
          "LibreHardwareMonitorLib": "[0.9.6, )",
          "Microsoft.Extensions.Logging": "[10.0.1, )",
          "Microsoft.Extensions.Logging.Abstractions": "[10.0.1, )"
        }
      }
    }
  }
}